// !$*UTF8*$!
{
	archiveVersion = 1;
	classes = {
	};
	objectVersion = 46;
	objects = {

/* Begin PBXBuildFile section */
		FAA61CF51E5C78880028C8D0 /* AppDelegate.swift in Sources */ = {isa = PBXBuildFile; fileRef = FAA61CF41E5C78880028C8D0 /* AppDelegate.swift */; };
		FAA61CF71E5C78880028C8D0 /* ViewController.swift in Sources */ = {isa = PBXBuildFile; fileRef = FAA61CF61E5C78880028C8D0 /* ViewController.swift */; };
		FAA61CFA1E5C78880028C8D0 /* Main.storyboard in Resources */ = {isa = PBXBuildFile; fileRef = FAA61CF81E5C78880028C8D0 /* Main.storyboard */; };
		FAA61CFC1E5C78880028C8D0 /* Assets.xcassets in Resources */ = {isa = PBXBuildFile; fileRef = FAA61CFB1E5C78880028C8D0 /* Assets.xcassets */; };
		FAA61CFF1E5C78880028C8D0 /* LaunchScreen.storyboard in Resources */ = {isa = PBXBuildFile; fileRef = FAA61CFD1E5C78880028C8D0 /* LaunchScreen.storyboard */; };
/* End PBXBuildFile section */

/* Begin PBXFileReference section */
		FAA61CF11E5C78880028C8D0 /* Currency-Converter.app */ = {isa = PBXFileReference; explicitFileType = wrapper.application; includeInIndex = 0; path = "Currency-Converter.app"; sourceTree = BUILT_PRODUCTS_DIR; };
		FAA61CF41E5C78880028C8D0 /* AppDelegate.swift */ = {isa = PBXFileReference; lastKnownFileType = sourcecode.swift; path = AppDelegate.swift; sourceTree = "<group>"; };
		FAA61CF61E5C78880028C8D0 /* ViewController.swift */ = {isa = PBXFileReference; lastKnownFileType = sourcecode.swift; path = ViewController.swift; sourceTree = "<group>"; };
		FAA61CF91E5C78880028C8D0 /* Base */ = {isa = PBXFileReference; lastKnownFileType = file.storyboard; name = Base; path = Base.lproj/Main.storyboard; sourceTree = "<group>"; };
		FAA61CFB1E5C78880028C8D0 /* Assets.xcassets */ = {isa = PBXFileReference; lastKnownFileType = folder.assetcatalog; path = Assets.xcassets; sourceTree = "<group>"; };
		FAA61CFE1E5C78880028C8D0 /* Base */ = {isa = PBXFileReference; lastKnownFileType = file.storyboard; name = Base; path = Base.lproj/LaunchScreen.storyboard; sourceTree = "<group>"; };
		FAA61D001E5C78880028C8D0 /* Info.plist */ = {isa = PBXFileReference; lastKnownFileType = text.plist.xml; path = Info.plist; sourceTree = "<group>"; };
/* End PBXFileReference section */

/* Begin PBXFrameworksBuildPhase section */
		FAA61CEE1E5C78880028C8D0 /* Frameworks */ = {
			isa = PBXFrameworksBuildPhase;
			buildActionMask = 2147483647;
			files = (
			);
			runOnlyForDeploymentPostprocessing = 0;
		};
/* End PBXFrameworksBuildPhase section */

/* Begin PBXGroup section */
		FAA61CE81E5C78880028C8D0 = {
			isa = PBXGroup;
			children = (
				FAA61CF31E5C78880028C8D0 /* Currency-Converter */,
				FAA61CF21E5C78880028C8D0 /* Products */,
			);
			sourceTree = "<group>";
		};
		FAA61CF21E5C78880028C8D0 /* Products */ = {
			isa = PBXGroup;
			children = (
				FAA61CF11E5C78880028C8D0 /* Currency-Converter.app */,
			);
			name = Products;
			sourceTree = "<group>";
		};
		FAA61CF31E5C78880028C8D0 /* Currency-Converter */ = {
			isa = PBXGroup;
			children = (
				FAA61D061E5D0B8E0028C8D0 /* Base.lproj */,
				FAA61CF41E5C78880028C8D0 /* AppDelegate.swift */,
				FAA61CF61E5C78880028C8D0 /* ViewController.swift */,
				FAA61CFB1E5C78880028C8D0 /* Assets.xcassets */,
				FAA61D001E5C78880028C8D0 /* Info.plist */,
			);
			path = "Currency-Converter";
			sourceTree = "<group>";
		};
		FAA61D061E5D0B8E0028C8D0 /* Base.lproj */ = {
			isa = PBXGroup;
			children = (
				FAA61CFD1E5C78880028C8D0 /* LaunchScreen.storyboard */,
				FAA61CF81E5C78880028C8D0 /* Main.storyboard */,
			);
			name = Base.lproj;
			sourceTree = "<group>";
		};
/* End PBXGroup section */

/* Begin PBXNativeTarget section */
		FAA61CF01E5C78880028C8D0 /* Currency-Converter */ = {
			isa = PBXNativeTarget;
			buildConfigurationList = FAA61D031E5C78880028C8D0 /* Build configuration list for PBXNativeTarget "Currency-Converter" */;
			buildPhases = (
				FAA61CED1E5C78880028C8D0 /* Sources */,
				FAA61CEE1E5C78880028C8D0 /* Frameworks */,
				FAA61CEF1E5C78880028C8D0 /* Resources */,
			);
			buildRules = (
			);
			dependencies = (
			);
			name = "Currency-Converter";
			productName = "Currency-Converter";
			productReference = FAA61CF11E5C78880028C8D0 /* Currency-Converter.app */;
			productType = "com.apple.product-type.application";
		};
/* End PBXNativeTarget section */

/* Begin PBXProject section */
		FAA61CE91E5C78880028C8D0 /* Project object */ = {
			isa = PBXProject;
			attributes = {
				LastSwiftUpdateCheck = 0820;
				LastUpgradeCheck = 0820;
				ORGANIZATIONNAME = wowinter13;
				TargetAttributes = {
					FAA61CF01E5C78880028C8D0 = {
						CreatedOnToolsVersion = 8.2.1;
						ProvisioningStyle = Automatic;
					};
				};
			};
			buildConfigurationList = FAA61CEC1E5C78880028C8D0 /* Build configuration list for PBXProject "Currency-Converter" */;
			compatibilityVersion = "Xcode 3.2";
			developmentRegion = English;
			hasScannedForEncodings = 0;
			knownRegions = (
				en,
				Base,
			);
			mainGroup = FAA61CE81E5C78880028C8D0;
			productRefGroup = FAA61CF21E5C78880028C8D0 /* Products */;
			projectDirPath = "";
			projectRoot = "";
			targets = (
				FAA61CF01E5C78880028C8D0 /* Currency-Converter */,
			);
		};
/* End PBXProject section */

/* Begin PBXResourcesBuildPhase section */
		FAA61CEF1E5C78880028C8D0 /* Resources */ = {
			isa = PBXResourcesBuildPhase;
			buildActionMask = 2147483647;
			files = (
				FAA61CFF1E5C78880028C8D0 /* LaunchScreen.storyboard in Resources */,
				FAA61CFC1E5C78880028C8D0 /* Assets.xcassets in Resources */,
				FAA61CFA1E5C78880028C8D0 /* Main.storyboard in Resources */,
			);
			runOnlyForDeploymentPostprocessing = 0;
		};
/* End PBXResourcesBuildPhase section */

/* Begin PBXSourcesBuildPhase section */
		FAA61CED1E5C78880028C8D0 /* Sources */ = {
			isa = PBXSourcesBuildPhase;
			buildActionMask = 2147483647;
			files = (
				FAA61CF71E5C78880028C8D0 /* ViewController.swift in Sources */,
				FAA61CF51E5C78880028C8D0 /* AppDelegate.swift in Sources */,
			);
			runOnlyForDeploymentPostprocessing = 0;
		};
/* End PBXSourcesBuildPhase section */

/* Begin PBXVariantGroup section */
		FAA61CF81E5C78880028C8D0 /* Main.storyboard */ = {
			isa = PBXVariantGroup;
			children = (
				FAA61CF91E5C78880028C8D0 /* Base */,
			);
			name = Main.storyboard;
			sourceTree = "<group>";
		};
		FAA61CFD1E5C78880028C8D0 /* LaunchScreen.storyboard */ = {
			isa = PBXVariantGroup;
			children = (
				FAA61CFE1E5C78880028C8D0 /* Base */,
			);
			name = LaunchScreen.storyboard;
			sourceTree = "<group>";
		};
/* End PBXVariantGroup section */

/* Begin XCBuildConfiguration section */
		FAA61D011E5C78880028C8D0 /* Debug */ = {
			isa = XCBuildConfiguration;
			buildSettings = {
				ALWAYS_SEARCH_USER_PATHS = NO;
				CLANG_ANALYZER_NONNULL = YES;
				CLANG_CXX_LANGUAGE_STANDARD = "gnu++0x";
				CLANG_CXX_LIBRARY = "libc++";
				CLANG_ENABLE_MODULES = YES;
				CLANG_ENABLE_OBJC_ARC = YES;
				CLANG_WARN_BOOL_CONVERSION = YES;
				CLANG_WARN_CONSTANT_CONVERSION = YES;
				CLANG_WARN_DIRECT_OBJC_ISA_USAGE = YES_ERROR;
				CLANG_WARN_DOCUMENTATION_COMMENTS = YES;
				CLANG_WARN_EMPTY_BODY = YES;
				CLANG_WARN_ENUM_CONVERSION = YES;
				CLANG_WARN_INFINITE_RECURSION = YES;
				CLANG_WARN_INT_CONVERSION = YES;
				CLANG_WARN_OBJC_ROOT_CLASS = YES_ERROR;
				CLANG_WARN_SUSPICIOUS_MOVE = YES;
				CLANG_WARN_UNREACHABLE_CODE = YES;
				CLANG_WARN__DUPLICATE_METHOD_MATCH = YES;
				"CODE_SIGN_IDENTITY[sdk=iphoneos*]" = "iPhone Developer";
				COPY_PHASE_STRIP = NO;
				DEBUG_INFORMATION_FORMAT = dwarf;
				ENABLE_STRICT_OBJC_MSGSEND = YES;
				ENABLE_TESTABILITY = YES;
				GCC_C_LANGUAGE_STANDARD = gnu99;
				GCC_DYNAMIC_NO_PIC = NO;
				GCC_NO_COMMON_BLOCKS = YES;
				GCC_OPTIMIZATION_LEVEL = 0;
				GCC_PREPROCESSOR_DEFINITIONS = (
					"DEBUG=1",
					"$(inherited)",
				);
				GCC_WARN_64_TO_32_BIT_CONVERSION = YES;
				GCC_WARN_ABOUT_RETURN_TYPE = YES_ERROR;
				GCC_WARN_UNDECLARED_SELECTOR = YES;
				GCC_WARN_UNINITIALIZED_AUTOS = YES_AGGRESSIVE;
				GCC_WARN_UNUSED_FUNCTION = YES;
				GCC_WARN_UNUSED_VARIABLE = YES;
				IPHONEOS_DEPLOYMENT_TARGET = 10.2;
				MTL_ENABLE_DEBUG_INFO = YES;
				ONLY_ACTIVE_ARCH = YES;
				SDKROOT = iphoneos;
				SWIFT_ACTIVE_COMPILATION_CONDITIONS = DEBUG;
				SWIFT_OPTIMIZATION_LEVEL = "-Onone";
			};
			name = Debug;
		};
		FAA61D021E5C78880028C8D0 /* Release */ = {
			isa = XCBuildConfiguration;
			buildSettings = {
				ALWAYS_SEARCH_USER_PATHS = NO;
				CLANG_ANALYZER_NONNULL = YES;
				CLANG_CXX_LANGUAGE_STANDARD = "gnu++0x";
				CLANG_CXX_LIBRARY = "libc++";
				CLANG_ENABLE_MODULES = YES;
				CLANG_ENABLE_OBJC_ARC = YES;
				CLANG_WARN_BOOL_CONVERSION = YES;
				CLANG_WARN_CONSTANT_CONVERSION = YES;
				CLANG_WARN_DIRECT_OBJC_ISA_USAGE = YES_ERROR;
				CLANG_WARN_DOCUMENTATION_COMMENTS = YES;
				CLANG_WARN_EMPTY_BODY = YES;
				CLANG_WARN_ENUM_CONVERSION = YES;
				CLANG_WARN_INFINITE_RECURSION = YES;
				CLANG_WARN_INT_CONVERSION = YES;
				CLANG_WARN_OBJC_ROOT_CLASS = YES_ERROR;
				CLANG_WARN_SUSPICIOUS_MOVE = YES;
				CLANG_WARN_UNREACHABLE_CODE = YES;
				CLANG_WARN__DUPLICATE_METHOD_MATCH = YES;
				"CODE_SIGN_IDENTITY[sdk=iphoneos*]" = "iPhone Developer";
				COPY_PHASE_STRIP = NO;
				DEBUG_INFORMATION_FORMAT = "dwarf-with-dsym";
				ENABLE_NS_ASSERTIONS = NO;
				ENABLE_STRICT_OBJC_MSGSEND = YES;
				GCC_C_LANGUAGE_STANDARD = gnu99;
				GCC_NO_COMMON_BLOCKS = YES;
				GCC_WARN_64_TO_32_BIT_CONVERSION = YES;
				GCC_WARN_ABOUT_RETURN_TYPE = YES_ERROR;
				GCC_WARN_UNDECLARED_SELECTOR = YES;
				GCC_WARN_UNINITIALIZED_AUTOS = YES_AGGRESSIVE;
				GCC_WARN_UNUSED_FUNCTION = YES;
				GCC_WARN_UNUSED_VARIABLE = YES;
				IPHONEOS_DEPLOYMENT_TARGET = 10.2;
				MTL_ENABLE_DEBUG_INFO = NO;
				SDKROOT = iphoneos;
				SWIFT_OPTIMIZATION_LEVEL = "-Owholemodule";
				VALIDATE_PRODUCT = YES;
			};
			name = Release;
		};
		FAA61D041E5C78880028C8D0 /* Debug */ = {
			isa = XCBuildConfiguration;
			buildSettings = {
				ASSETCATALOG_COMPILER_APPICON_NAME = AppIcon;
				INFOPLIST_FILE = "Currency-Converter/Info.plist";
				LD_RUNPATH_SEARCH_PATHS = "$(inherited) @executable_path/Frameworks";
				PRODUCT_BUNDLE_IDENTIFIER = "ru.vlados.Currency-Converter";
				PRODUCT_NAME = "$(TARGET_NAME)";
				SWIFT_VERSION = 3.0;
			};
			name = Debug;
		};
		FAA61D051E5C78880028C8D0 /* Release */ = {
			isa = XCBuildConfiguration;
			buildSettings = {
				ASSETCATALOG_COMPILER_APPICON_NAME = AppIcon;
				INFOPLIST_FILE = "Currency-Converter/Info.plist";
				LD_RUNPATH_SEARCH_PATHS = "$(inherited) @executable_path/Frameworks";
				PRODUCT_BUNDLE_IDENTIFIER = "ru.vlados.Currency-Converter";
				PRODUCT_NAME = "$(TARGET_NAME)";
				SWIFT_VERSION = 3.0;
			};
			name = Release;
		};
/* End XCBuildConfiguration section */

/* Begin XCConfigurationList section */
		FAA61CEC1E5C78880028C8D0 /* Build configuration list for PBXProject "Currency-Converter" */ = {
			isa = XCConfigurationList;
			buildConfigurations = (
				FAA61D011E5C78880028C8D0 /* Debug */,
				FAA61D021E5C78880028C8D0 /* Release */,
			);
			defaultConfigurationIsVisible = 0;
			defaultConfigurationName = Release;
		};
		FAA61D031E5C78880028C8D0 /* Build configuration list for PBXNativeTarget "Currency-Converter" */ = {
			isa = XCConfigurationList;
			buildConfigurations = (
				FAA61D041E5C78880028C8D0 /* Debug */,
				FAA61D051E5C78880028C8D0 /* Release */,
			);
			defaultConfigurationIsVisible = 0;
		};
/* End XCConfigurationList section */
	};
	rootObject = FAA61CE91E5C78880028C8D0 /* Project object */;
}
